
Microsoft Visual Studio Solution File, Format Version 12.00
# Visual Studio Version 17
VisualStudioVersion = 17.3.32825.248
MinimumVisualStudioVersion = 10.0.40219.1
Project("{FAE04EC0-301F-11D3-BF4B-00C04F79EFBC}") = "arch3Serv", "arch3Serv\arch3Serv.csproj", "{C6384A5B-832C-4777-A893-80CE37A80A4A}"
EndProject
Global
	GlobalSection(SolutionConfigurationPlatforms) = preSolution
		Debug|Any CPU = Debug|Any CPU
		Release|Any CPU = Release|Any CPU
	EndGlobalSection
	GlobalSection(ProjectConfigurationPlatforms) = postSolution
		{C6384A5B-832C-4777-A893-80CE37A80A4A}.Debug|Any CPU.ActiveCfg = Debug|Any CPU
		{C6384A5B-832C-4777-A893-80CE37A80A4A}.Debug|Any CPU.Build.0 = Debug|Any CPU
		{C6384A5B-832C-4777-A893-80CE37A80A4A}.Release|Any CPU.ActiveCfg = Release|Any CPU
		{C6384A5B-832C-4777-A893-80CE37A80A4A}.Release|Any CPU.Build.0 = Release|Any CPU
	EndGlobalSection
	GlobalSection(SolutionProperties) = preSolution
		HideSolutionNode = FALSE
	EndGlobalSection
	GlobalSection(ExtensibilityGlobals) = postSolution
		SolutionGuid = {1069473A-5EB9-4C3A-8FE9-BBBFCB3A33A1}
	EndGlobalSection
EndGlobal
